// !$*UTF8*$!
{
	archiveVersion = 1;
	classes = {
	};
	objectVersion = 50;
	objects = {

/* Begin PBXBuildFile section */
		CE0EAA4524E23DA400EA775E /* AppDelegate.swift in Sources */ = {isa = PBXBuildFile; fileRef = CE0EAA4424E23DA400EA775E /* AppDelegate.swift */; };
		CE0EAA4724E23DA400EA775E /* SceneDelegate.swift in Sources */ = {isa = PBXBuildFile; fileRef = CE0EAA4624E23DA400EA775E /* SceneDelegate.swift */; };
		CE0EAA4924E23DA400EA775E /* ViewController.swift in Sources */ = {isa = PBXBuildFile; fileRef = CE0EAA4824E23DA400EA775E /* ViewController.swift */; };
		CE0EAA4C24E23DA400EA775E /* Main.storyboard in Resources */ = {isa = PBXBuildFile; fileRef = CE0EAA4A24E23DA400EA775E /* Main.storyboard */; };
		CE0EAA4E24E23DA900EA775E /* Assets.xcassets in Resources */ = {isa = PBXBuildFile; fileRef = CE0EAA4D24E23DA900EA775E /* Assets.xcassets */; };
		CE0EAA5124E23DA900EA775E /* LaunchScreen.storyboard in Resources */ = {isa = PBXBuildFile; fileRef = CE0EAA4F24E23DA900EA775E /* LaunchScreen.storyboard */; };
/* End PBXBuildFile section */

/* Begin PBXFileReference section */
		CE0EAA4124E23DA400EA775E /* zeplin1.app */ = {isa = PBXFileReference; explicitFileType = wrapper.application; includeInIndex = 0; path = zeplin1.app; sourceTree = BUILT_PRODUCTS_DIR; };
		CE0EAA4424E23DA400EA775E /* AppDelegate.swift */ = {isa = PBXFileReference; lastKnownFileType = sourcecode.swift; path = AppDelegate.swift; sourceTree = "<group>"; };
		CE0EAA4624E23DA400EA775E /* SceneDelegate.swift */ = {isa = PBXFileReference; lastKnownFileType = sourcecode.swift; path = SceneDelegate.swift; sourceTree = "<group>"; };
		CE0EAA4824E23DA400EA775E /* ViewController.swift */ = {isa = PBXFileReference; lastKnownFileType = sourcecode.swift; path = ViewController.swift; sourceTree = "<group>"; };
		CE0EAA4B24E23DA400EA775E /* Base */ = {isa = PBXFileReference; lastKnownFileType = file.storyboard; name = Base; path = Base.lproj/Main.storyboard; sourceTree = "<group>"; };
		CE0EAA4D24E23DA900EA775E /* Assets.xcassets */ = {isa = PBXFileReference; lastKnownFileType = folder.assetcatalog; path = Assets.xcassets; sourceTree = "<group>"; };
		CE0EAA5024E23DA900EA775E /* Base */ = {isa = PBXFileReference; lastKnownFileType = file.storyboard; name = Base; path = Base.lproj/LaunchScreen.storyboard; sourceTree = "<group>"; };
		CE0EAA5224E23DA900EA775E /* Info.plist */ = {isa = PBXFileReference; lastKnownFileType = text.plist.xml; path = Info.plist; sourceTree = "<group>"; };
/* End PBXFileReference section */

/* Begin PBXFrameworksBuildPhase section */
		CE0EAA3E24E23DA400EA775E /* Frameworks */ = {
			isa = PBXFrameworksBuildPhase;
			buildActionMask = 2147483647;
			files = (
			);
			runOnlyForDeploymentPostprocessing = 0;
		};
/* End PBXFrameworksBuildPhase section */

/* Begin PBXGroup section */
		CE0EAA3824E23DA400EA775E = {
			isa = PBXGroup;
			children = (
				CE0EAA4324E23DA400EA775E /* zeplin1 */,
				CE0EAA4224E23DA400EA775E /* Products */,
			);
			sourceTree = "<group>";
		};
		CE0EAA4224E23DA400EA775E /* Products */ = {
			isa = PBXGroup;
			children = (
				CE0EAA4124E23DA400EA775E /* zeplin1.app */,
			);
			name = Products;
			sourceTree = "<group>";
		};
		CE0EAA4324E23DA400EA775E /* zeplin1 */ = {
			isa = PBXGroup;
			children = (
				CE0EAA4424E23DA400EA775E /* AppDelegate.swift */,
				CE0EAA4624E23DA400EA775E /* SceneDelegate.swift */,
				CE0EAA4824E23DA400EA775E /* ViewController.swift */,
				CE0EAA4A24E23DA400EA775E /* Main.storyboard */,
				CE0EAA4D24E23DA900EA775E /* Assets.xcassets */,
				CE0EAA4F24E23DA900EA775E /* LaunchScreen.storyboard */,
				CE0EAA5224E23DA900EA775E /* Info.plist */,
			);
			path = zeplin1;
			sourceTree = "<group>";
		};
/* End PBXGroup section */

/* Begin PBXNativeTarget section */
		CE0EAA4024E23DA400EA775E /* zeplin1 */ = {
			isa = PBXNativeTarget;
			buildConfigurationList = CE0EAA5524E23DA900EA775E /* Build configuration list for PBXNativeTarget "zeplin1" */;
			buildPhases = (
				CE0EAA3D24E23DA400EA775E /* Sources */,
				CE0EAA3E24E23DA400EA775E /* Frameworks */,
				CE0EAA3F24E23DA400EA775E /* Resources */,
			);
			buildRules = (
			);
			dependencies = (
			);
			name = zeplin1;
			productName = zeplin1;
			productReference = CE0EAA4124E23DA400EA775E /* zeplin1.app */;
			productType = "com.apple.product-type.application";
		};
/* End PBXNativeTarget section */

/* Begin PBXProject section */
		CE0EAA3924E23DA400EA775E /* Project object */ = {
			isa = PBXProject;
			attributes = {
				LastSwiftUpdateCheck = 1140;
				LastUpgradeCheck = 1140;
				ORGANIZATIONNAME = user;
				TargetAttributes = {
					CE0EAA4024E23DA400EA775E = {
						CreatedOnToolsVersion = 11.4.1;
					};
				};
			};
			buildConfigurationList = CE0EAA3C24E23DA400EA775E /* Build configuration list for PBXProject "zeplin1" */;
			compatibilityVersion = "Xcode 9.3";
			developmentRegion = en;
			hasScannedForEncodings = 0;
			knownRegions = (
				en,
				Base,
			);
			mainGroup = CE0EAA3824E23DA400EA775E;
			productRefGroup = CE0EAA4224E23DA400EA775E /* Products */;
			projectDirPath = "";
			projectRoot = "";
			targets = (
				CE0EAA4024E23DA400EA775E /* zeplin1 */,
			);
		};
/* End PBXProject section */

/* Begin PBXResourcesBuildPhase section */
		CE0EAA3F24E23DA400EA775E /* Resources */ = {
			isa = PBXResourcesBuildPhase;
			buildActionMask = 2147483647;
			files = (
				CE0EAA5124E23DA900EA775E /* LaunchScreen.storyboard in Resources */,
				CE0EAA4E24E23DA900EA775E /* Assets.xcassets in Resources */,
				CE0EAA4C24E23DA400EA775E /* Main.storyboard in Resources */,
			);
			runOnlyForDeploymentPostprocessing = 0;
		};
/* End PBXResourcesBuildPhase section */

/* Begin PBXSourcesBuildPhase section */
		CE0EAA3D24E23DA400EA775E /* Sources */ = {
			isa = PBXSourcesBuildPhase;
			buildActionMask = 2147483647;
			files = (
				CE0EAA4924E23DA400EA775E /* ViewController.swift in Sources */,
				CE0EAA4524E23DA400EA775E /* AppDelegate.swift in Sources */,
				CE0EAA4724E23DA400EA775E /* SceneDelegate.swift in Sources */,
			);
			runOnlyForDeploymentPostprocessing = 0;
		};
/* End PBXSourcesBuildPhase section */

/* Begin PBXVariantGroup section */
		CE0EAA4A24E23DA400EA775E /* Main.storyboard */ = {
			isa = PBXVariantGroup;
			children = (
				CE0EAA4B24E23DA400EA775E /* Base */,
			);
			name = Main.storyboard;
			sourceTree = "<group>";
		};
		CE0EAA4F24E23DA900EA775E /* LaunchScreen.storyboard */ = {
			isa = PBXVariantGroup;
			children = (
				CE0EAA5024E23DA900EA775E /* Base */,
			);
			name = LaunchScreen.storyboard;
			sourceTree = "<group>";
		};
/* End PBXVariantGroup section */

/* Begin XCBuildConfiguration section */
		CE0EAA5324E23DA900EA775E /* Debug */ = {
			isa = XCBuildConfiguration;
			buildSettings = {
				ALWAYS_SEARCH_USER_PATHS = NO;
				CLANG_ANALYZER_NONNULL = YES;
				CLANG_ANALYZER_NUMBER_OBJECT_CONVERSION = YES_AGGRESSIVE;
				CLANG_CXX_LANGUAGE_STANDARD = "gnu++14";
				CLANG_CXX_LIBRARY = "libc++";
				CLANG_ENABLE_MODULES = YES;
				CLANG_ENABLE_OBJC_ARC = YES;
				CLANG_ENABLE_OBJC_WEAK = YES;
				CLANG_WARN_BLOCK_CAPTURE_AUTORELEASING = YES;
				CLANG_WARN_BOOL_CONVERSION = YES;
				CLANG_WARN_COMMA = YES;
				CLANG_WARN_CONSTANT_CONVERSION = YES;
				CLANG_WARN_DEPRECATED_OBJC_IMPLEMENTATIONS = YES;
				CLANG_WARN_DIRECT_OBJC_ISA_USAGE = YES_ERROR;
				CLANG_WARN_DOCUMENTATION_COMMENTS = YES;
				CLANG_WARN_EMPTY_BODY = YES;
				CLANG_WARN_ENUM_CONVERSION = YES;
				CLANG_WARN_INFINITE_RECURSION = YES;
				CLANG_WARN_INT_CONVERSION = YES;
				CLANG_WARN_NON_LITERAL_NULL_CONVERSION = YES;
				CLANG_WARN_OBJC_IMPLICIT_RETAIN_SELF = YES;
				CLANG_WARN_OBJC_LITERAL_CONVERSION = YES;
				CLANG_WARN_OBJC_ROOT_CLASS = YES_ERROR;
				CLANG_WARN_RANGE_LOOP_ANALYSIS = YES;
				CLANG_WARN_STRICT_PROTOTYPES = YES;
				CLANG_WARN_SUSPICIOUS_MOVE = YES;
				CLANG_WARN_UNGUARDED_AVAILABILITY = YES_AGGRESSIVE;
				CLANG_WARN_UNREACHABLE_CODE = YES;
				CLANG_WARN__DUPLICATE_METHOD_MATCH = YES;
				COPY_PHASE_STRIP = NO;
				DEBUG_INFORMATION_FORMAT = dwarf;
				ENABLE_STRICT_OBJC_MSGSEND = YES;
				ENABLE_TESTABILITY = YES;
				GCC_C_LANGUAGE_STANDARD = gnu11;
				GCC_DYNAMIC_NO_PIC = NO;
				GCC_NO_COMMON_BLOCKS = YES;
				GCC_OPTIMIZATION_LEVEL = 0;
				GCC_PREPROCESSOR_DEFINITIONS = (
					"DEBUG=1",
					"$(inherited)",
				);
				GCC_WARN_64_TO_32_BIT_CONVERSION = YES;
				GCC_WARN_ABOUT_RETURN_TYPE = YES_ERROR;
				GCC_WARN_UNDECLARED_SELECTOR = YES;
				GCC_WARN_UNINITIALIZED_AUTOS = YES_AGGRESSIVE;
				GCC_WARN_UNUSED_FUNCTION = YES;
				GCC_WARN_UNUSED_VARIABLE = YES;
				IPHONEOS_DEPLOYMENT_TARGET = 13.4;
				MTL_ENABLE_DEBUG_INFO = INCLUDE_SOURCE;
				MTL_FAST_MATH = YES;
				ONLY_ACTIVE_ARCH = YES;
				SDKROOT = iphoneos;
				SWIFT_ACTIVE_COMPILATION_CONDITIONS = DEBUG;
				SWIFT_OPTIMIZATION_LEVEL = "-Onone";
			};
			name = Debug;
		};
		CE0EAA5424E23DA900EA775E /* Release */ = {
			isa = XCBuildConfiguration;
			buildSettings = {
				ALWAYS_SEARCH_USER_PATHS = NO;
				CLANG_ANALYZER_NONNULL = YES;
				CLANG_ANALYZER_NUMBER_OBJECT_CONVERSION = YES_AGGRESSIVE;
				CLANG_CXX_LANGUAGE_STANDARD = "gnu++14";
				CLANG_CXX_LIBRARY = "libc++";
				CLANG_ENABLE_MODULES = YES;
				CLANG_ENABLE_OBJC_ARC = YES;
				CLANG_ENABLE_OBJC_WEAK = YES;
				CLANG_WARN_BLOCK_CAPTURE_AUTORELEASING = YES;
				CLANG_WARN_BOOL_CONVERSION = YES;
				CLANG_WARN_COMMA = YES;
				CLANG_WARN_CONSTANT_CONVERSION = YES;
				CLANG_WARN_DEPRECATED_OBJC_IMPLEMENTATIONS = YES;
				CLANG_WARN_DIRECT_OBJC_ISA_USAGE = YES_ERROR;
				CLANG_WARN_DOCUMENTATION_COMMENTS = YES;
				CLANG_WARN_EMPTY_BODY = YES;
				CLANG_WARN_ENUM_CONVERSION = YES;
				CLANG_WARN_INFINITE_RECURSION = YES;
				CLANG_WARN_INT_CONVERSION = YES;
				CLANG_WARN_NON_LITERAL_NULL_CONVERSION = YES;
				CLANG_WARN_OBJC_IMPLICIT_RETAIN_SELF = YES;
				CLANG_WARN_OBJC_LITERAL_CONVERSION = YES;
				CLANG_WARN_OBJC_ROOT_CLASS = YES_ERROR;
				CLANG_WARN_RANGE_LOOP_ANALYSIS = YES;
				CLANG_WARN_STRICT_PROTOTYPES = YES;
				CLANG_WARN_SUSPICIOUS_MOVE = YES;
				CLANG_WARN_UNGUARDED_AVAILABILITY = YES_AGGRESSIVE;
				CLANG_WARN_UNREACHABLE_CODE = YES;
				CLANG_WARN__DUPLICATE_METHOD_MATCH = YES;
				COPY_PHASE_STRIP = NO;
				DEBUG_INFORMATION_FORMAT = "dwarf-with-dsym";
				ENABLE_NS_ASSERTIONS = NO;
				ENABLE_STRICT_OBJC_MSGSEND = YES;
				GCC_C_LANGUAGE_STANDARD = gnu11;
				GCC_NO_COMMON_BLOCKS = YES;
				GCC_WARN_64_TO_32_BIT_CONVERSION = YES;
				GCC_WARN_ABOUT_RETURN_TYPE = YES_ERROR;
				GCC_WARN_UNDECLARED_SELECTOR = YES;
				GCC_WARN_UNINITIALIZED_AUTOS = YES_AGGRESSIVE;
				GCC_WARN_UNUSED_FUNCTION = YES;
				GCC_WARN_UNUSED_VARIABLE = YES;
				IPHONEOS_DEPLOYMENT_TARGET = 13.4;
				MTL_ENABLE_DEBUG_INFO = NO;
				MTL_FAST_MATH = YES;
				SDKROOT = iphoneos;
				SWIFT_COMPILATION_MODE = wholemodule;
				SWIFT_OPTIMIZATION_LEVEL = "-O";
				VALIDATE_PRODUCT = YES;
			};
			name = Release;
		};
		CE0EAA5624E23DA900EA775E /* Debug */ = {
			isa = XCBuildConfiguration;
			buildSettings = {
				ASSETCATALOG_COMPILER_APPICON_NAME = AppIcon;
				CODE_SIGN_STYLE = Automatic;
				INFOPLIST_FILE = zeplin1/Info.plist;
				LD_RUNPATH_SEARCH_PATHS = (
					"$(inherited)",
					"@executable_path/Frameworks",
				);
				PRODUCT_BUNDLE_IDENTIFIER = Ericwu.zeplin1;
				PRODUCT_NAME = "$(TARGET_NAME)";
				SWIFT_VERSION = 5.0;
				TARGETED_DEVICE_FAMILY = "1,2";
			};
			name = Debug;
		};
		CE0EAA5724E23DA900EA775E /* Release */ = {
			isa = XCBuildConfiguration;
			buildSettings = {
				ASSETCATALOG_COMPILER_APPICON_NAME = AppIcon;
				CODE_SIGN_STYLE = Automatic;
				INFOPLIST_FILE = zeplin1/Info.plist;
				LD_RUNPATH_SEARCH_PATHS = (
					"$(inherited)",
					"@executable_path/Frameworks",
				);
				PRODUCT_BUNDLE_IDENTIFIER = Ericwu.zeplin1;
				PRODUCT_NAME = "$(TARGET_NAME)";
				SWIFT_VERSION = 5.0;
				TARGETED_DEVICE_FAMILY = "1,2";
			};
			name = Release;
		};
/* End XCBuildConfiguration section */

/* Begin XCConfigurationList section */
		CE0EAA3C24E23DA400EA775E /* Build configuration list for PBXProject "zeplin1" */ = {
			isa = XCConfigurationList;
			buildConfigurations = (
				CE0EAA5324E23DA900EA775E /* Debug */,
				CE0EAA5424E23DA900EA775E /* Release */,
			);
			defaultConfigurationIsVisible = 0;
			defaultConfigurationName = Release;
		};
		CE0EAA5524E23DA900EA775E /* Build configuration list for PBXNativeTarget "zeplin1" */ = {
			isa = XCConfigurationList;
			buildConfigurations = (
				CE0EAA5624E23DA900EA775E /* Debug */,
				CE0EAA5724E23DA900EA775E /* Release */,
			);
			defaultConfigurationIsVisible = 0;
			defaultConfigurationName = Release;
		};
/* End XCConfigurationList section */
	};
	rootObject = CE0EAA3924E23DA400EA775E /* Project object */;
}
